// !$*UTF8*$!
{
	archiveVersion = 1;
	classes = {
	};
	objectVersion = 50;
	objects = {

/* Begin PBXBuildFile section */
		82F0CEF42F58F2694B46D2E8 /* Pods_todoey.framework in Frameworks */ = {isa = PBXBuildFile; fileRef = CE680DFEB3E4532E0837198A /* Pods_todoey.framework */; };
		9F9A985E21B634F900A089D3 /* Item.swift in Sources */ = {isa = PBXBuildFile; fileRef = 9F9A985D21B634F900A089D3 /* Item.swift */; };
		9F9A986021B6350400A089D3 /* Category.swift in Sources */ = {isa = PBXBuildFile; fileRef = 9F9A985F21B6350400A089D3 /* Category.swift */; };
		CE4AB92821B4D5D900D43809 /* CategoryViewController.swift in Sources */ = {isa = PBXBuildFile; fileRef = CE4AB92721B4D5D900D43809 /* CategoryViewController.swift */; };
		CEE9E45A21B380EB000C5D89 /* AppDelegate.swift in Sources */ = {isa = PBXBuildFile; fileRef = CEE9E45921B380EB000C5D89 /* AppDelegate.swift */; };
		CEE9E45C21B380EB000C5D89 /* TodoListViewController.swift in Sources */ = {isa = PBXBuildFile; fileRef = CEE9E45B21B380EB000C5D89 /* TodoListViewController.swift */; };
		CEE9E45F21B380EB000C5D89 /* Main.storyboard in Resources */ = {isa = PBXBuildFile; fileRef = CEE9E45D21B380EB000C5D89 /* Main.storyboard */; };
		CEE9E46121B380EC000C5D89 /* Assets.xcassets in Resources */ = {isa = PBXBuildFile; fileRef = CEE9E46021B380EC000C5D89 /* Assets.xcassets */; };
		CEE9E46421B380EC000C5D89 /* LaunchScreen.storyboard in Resources */ = {isa = PBXBuildFile; fileRef = CEE9E46221B380EC000C5D89 /* LaunchScreen.storyboard */; };
/* End PBXBuildFile section */

/* Begin PBXFileReference section */
		3044518B82925B3AA9745169 /* Pods-todoey.release.xcconfig */ = {isa = PBXFileReference; includeInIndex = 1; lastKnownFileType = text.xcconfig; name = "Pods-todoey.release.xcconfig"; path = "Pods/Target Support Files/Pods-todoey/Pods-todoey.release.xcconfig"; sourceTree = "<group>"; };
		8DD33D5B2CE74E7C463834A4 /* Pods-todoey.debug.xcconfig */ = {isa = PBXFileReference; includeInIndex = 1; lastKnownFileType = text.xcconfig; name = "Pods-todoey.debug.xcconfig"; path = "Pods/Target Support Files/Pods-todoey/Pods-todoey.debug.xcconfig"; sourceTree = "<group>"; };
		9F9A985D21B634F900A089D3 /* Item.swift */ = {isa = PBXFileReference; lastKnownFileType = sourcecode.swift; path = Item.swift; sourceTree = "<group>"; };
		9F9A985F21B6350400A089D3 /* Category.swift */ = {isa = PBXFileReference; lastKnownFileType = sourcecode.swift; path = Category.swift; sourceTree = "<group>"; };
		CE4AB92721B4D5D900D43809 /* CategoryViewController.swift */ = {isa = PBXFileReference; lastKnownFileType = sourcecode.swift; path = CategoryViewController.swift; sourceTree = "<group>"; };
		CE680DFEB3E4532E0837198A /* Pods_todoey.framework */ = {isa = PBXFileReference; explicitFileType = wrapper.framework; includeInIndex = 0; path = Pods_todoey.framework; sourceTree = BUILT_PRODUCTS_DIR; };
		CEE9E45621B380EB000C5D89 /* todoey.app */ = {isa = PBXFileReference; explicitFileType = wrapper.application; includeInIndex = 0; path = todoey.app; sourceTree = BUILT_PRODUCTS_DIR; };
		CEE9E45921B380EB000C5D89 /* AppDelegate.swift */ = {isa = PBXFileReference; lastKnownFileType = sourcecode.swift; path = AppDelegate.swift; sourceTree = "<group>"; };
		CEE9E45B21B380EB000C5D89 /* TodoListViewController.swift */ = {isa = PBXFileReference; lastKnownFileType = sourcecode.swift; path = TodoListViewController.swift; sourceTree = "<group>"; };
		CEE9E45E21B380EB000C5D89 /* Base */ = {isa = PBXFileReference; lastKnownFileType = file.storyboard; name = Base; path = Base.lproj/Main.storyboard; sourceTree = "<group>"; };
		CEE9E46021B380EC000C5D89 /* Assets.xcassets */ = {isa = PBXFileReference; lastKnownFileType = folder.assetcatalog; path = Assets.xcassets; sourceTree = "<group>"; };
		CEE9E46321B380EC000C5D89 /* Base */ = {isa = PBXFileReference; lastKnownFileType = file.storyboard; name = Base; path = Base.lproj/LaunchScreen.storyboard; sourceTree = "<group>"; };
		CEE9E46521B380EC000C5D89 /* Info.plist */ = {isa = PBXFileReference; lastKnownFileType = text.plist.xml; path = Info.plist; sourceTree = "<group>"; };
/* End PBXFileReference section */

/* Begin PBXFrameworksBuildPhase section */
		CEE9E45321B380EB000C5D89 /* Frameworks */ = {
			isa = PBXFrameworksBuildPhase;
			buildActionMask = 2147483647;
			files = (
				82F0CEF42F58F2694B46D2E8 /* Pods_todoey.framework in Frameworks */,
			);
			runOnlyForDeploymentPostprocessing = 0;
		};
/* End PBXFrameworksBuildPhase section */

/* Begin PBXGroup section */
		50ABC3648937F891C29559C1 /* Frameworks */ = {
			isa = PBXGroup;
			children = (
				CE680DFEB3E4532E0837198A /* Pods_todoey.framework */,
			);
			name = Frameworks;
			sourceTree = "<group>";
		};
		A8F3C7571642B9139157361C /* Pods */ = {
			isa = PBXGroup;
			children = (
				8DD33D5B2CE74E7C463834A4 /* Pods-todoey.debug.xcconfig */,
				3044518B82925B3AA9745169 /* Pods-todoey.release.xcconfig */,
			);
			name = Pods;
			sourceTree = "<group>";
		};
		CE4AB8FD21B44FE500D43809 /* Entities */ = {
			isa = PBXGroup;
			children = (
				9F9A985D21B634F900A089D3 /* Item.swift */,
				9F9A985F21B6350400A089D3 /* Category.swift */,
			);
			path = Entities;
			sourceTree = "<group>";
		};
		CE4AB90021B4508100D43809 /* Controllers */ = {
			isa = PBXGroup;
			children = (
				CEE9E45B21B380EB000C5D89 /* TodoListViewController.swift */,
				CE4AB92721B4D5D900D43809 /* CategoryViewController.swift */,
			);
			path = Controllers;
			sourceTree = "<group>";
		};
		CE4AB90121B4508800D43809 /* Views */ = {
			isa = PBXGroup;
			children = (
				CEE9E45D21B380EB000C5D89 /* Main.storyboard */,
			);
			path = Views;
			sourceTree = "<group>";
		};
		CE4AB90221B4510D00D43809 /* Supporting Files */ = {
			isa = PBXGroup;
			children = (
				CEE9E46021B380EC000C5D89 /* Assets.xcassets */,
				CEE9E46221B380EC000C5D89 /* LaunchScreen.storyboard */,
			);
			path = "Supporting Files";
			sourceTree = "<group>";
		};
		CEE9E44D21B380EB000C5D89 = {
			isa = PBXGroup;
			children = (
				CEE9E45821B380EB000C5D89 /* todoey */,
				CEE9E45721B380EB000C5D89 /* Products */,
				A8F3C7571642B9139157361C /* Pods */,
				50ABC3648937F891C29559C1 /* Frameworks */,
			);
			sourceTree = "<group>";
		};
		CEE9E45721B380EB000C5D89 /* Products */ = {
			isa = PBXGroup;
			children = (
				CEE9E45621B380EB000C5D89 /* todoey.app */,
			);
			name = Products;
			sourceTree = "<group>";
		};
		CEE9E45821B380EB000C5D89 /* todoey */ = {
			isa = PBXGroup;
			children = (
				CE4AB8FD21B44FE500D43809 /* Entities */,
				CEE9E45921B380EB000C5D89 /* AppDelegate.swift */,
				CE4AB90021B4508100D43809 /* Controllers */,
				CE4AB90121B4508800D43809 /* Views */,
				CE4AB90221B4510D00D43809 /* Supporting Files */,
				CEE9E46521B380EC000C5D89 /* Info.plist */,
			);
			path = todoey;
			sourceTree = "<group>";
		};
/* End PBXGroup section */

/* Begin PBXNativeTarget section */
		CEE9E45521B380EB000C5D89 /* todoey */ = {
			isa = PBXNativeTarget;
			buildConfigurationList = CEE9E46821B380EC000C5D89 /* Build configuration list for PBXNativeTarget "todoey" */;
			buildPhases = (
				D3EC9941992A8F8A74F26E3B /* [CP] Check Pods Manifest.lock */,
				CEE9E45221B380EB000C5D89 /* Sources */,
				CEE9E45321B380EB000C5D89 /* Frameworks */,
				CEE9E45421B380EB000C5D89 /* Resources */,
				4D59222D40AF68B228DD4AD0 /* [CP] Embed Pods Frameworks */,
			);
			buildRules = (
			);
			dependencies = (
			);
			name = todoey;
			productName = todoey;
			productReference = CEE9E45621B380EB000C5D89 /* todoey.app */;
			productType = "com.apple.product-type.application";
		};
/* End PBXNativeTarget section */

/* Begin PBXProject section */
		CEE9E44E21B380EB000C5D89 /* Project object */ = {
			isa = PBXProject;
			attributes = {
				LastSwiftUpdateCheck = 1000;
				LastUpgradeCheck = 1000;
				ORGANIZATIONNAME = NovoPayment;
				TargetAttributes = {
					CEE9E45521B380EB000C5D89 = {
						CreatedOnToolsVersion = 10.0;
					};
				};
			};
			buildConfigurationList = CEE9E45121B380EB000C5D89 /* Build configuration list for PBXProject "todoey" */;
			compatibilityVersion = "Xcode 9.3";
			developmentRegion = en;
			hasScannedForEncodings = 0;
			knownRegions = (
				en,
				Base,
			);
			mainGroup = CEE9E44D21B380EB000C5D89;
			productRefGroup = CEE9E45721B380EB000C5D89 /* Products */;
			projectDirPath = "";
			projectRoot = "";
			targets = (
				CEE9E45521B380EB000C5D89 /* todoey */,
			);
		};
/* End PBXProject section */

/* Begin PBXResourcesBuildPhase section */
		CEE9E45421B380EB000C5D89 /* Resources */ = {
			isa = PBXResourcesBuildPhase;
			buildActionMask = 2147483647;
			files = (
				CEE9E46421B380EC000C5D89 /* LaunchScreen.storyboard in Resources */,
				CEE9E46121B380EC000C5D89 /* Assets.xcassets in Resources */,
				CEE9E45F21B380EB000C5D89 /* Main.storyboard in Resources */,
			);
			runOnlyForDeploymentPostprocessing = 0;
		};
/* End PBXResourcesBuildPhase section */

/* Begin PBXShellScriptBuildPhase section */
		4D59222D40AF68B228DD4AD0 /* [CP] Embed Pods Frameworks */ = {
			isa = PBXShellScriptBuildPhase;
			buildActionMask = 2147483647;
			files = (
			);
			inputFileListPaths = (
			);
			inputPaths = (
				"${SRCROOT}/Pods/Target Support Files/Pods-todoey/Pods-todoey-frameworks.sh",
				"${BUILT_PRODUCTS_DIR}/Realm/Realm.framework",
				"${BUILT_PRODUCTS_DIR}/RealmSwift/RealmSwift.framework",
			);
			name = "[CP] Embed Pods Frameworks";
			outputFileListPaths = (
			);
			outputPaths = (
				"${TARGET_BUILD_DIR}/${FRAMEWORKS_FOLDER_PATH}/Realm.framework",
				"${TARGET_BUILD_DIR}/${FRAMEWORKS_FOLDER_PATH}/RealmSwift.framework",
			);
			runOnlyForDeploymentPostprocessing = 0;
			shellPath = /bin/sh;
			shellScript = "\"${SRCROOT}/Pods/Target Support Files/Pods-todoey/Pods-todoey-frameworks.sh\"\n";
			showEnvVarsInLog = 0;
		};
		D3EC9941992A8F8A74F26E3B /* [CP] Check Pods Manifest.lock */ = {
			isa = PBXShellScriptBuildPhase;
			buildActionMask = 2147483647;
			files = (
			);
			inputFileListPaths = (
			);
			inputPaths = (
				"${PODS_PODFILE_DIR_PATH}/Podfile.lock",
				"${PODS_ROOT}/Manifest.lock",
			);
			name = "[CP] Check Pods Manifest.lock";
			outputFileListPaths = (
			);
			outputPaths = (
				"$(DERIVED_FILE_DIR)/Pods-todoey-checkManifestLockResult.txt",
			);
			runOnlyForDeploymentPostprocessing = 0;
			shellPath = /bin/sh;
			shellScript = "diff \"${PODS_PODFILE_DIR_PATH}/Podfile.lock\" \"${PODS_ROOT}/Manifest.lock\" > /dev/null\nif [ $? != 0 ] ; then\n    # print error to STDERR\n    echo \"error: The sandbox is not in sync with the Podfile.lock. Run 'pod install' or update your CocoaPods installation.\" >&2\n    exit 1\nfi\n# This output is used by Xcode 'outputs' to avoid re-running this script phase.\necho \"SUCCESS\" > \"${SCRIPT_OUTPUT_FILE_0}\"\n";
			showEnvVarsInLog = 0;
		};
/* End PBXShellScriptBuildPhase section */

/* Begin PBXSourcesBuildPhase section */
		CEE9E45221B380EB000C5D89 /* Sources */ = {
			isa = PBXSourcesBuildPhase;
			buildActionMask = 2147483647;
			files = (
				9F9A985E21B634F900A089D3 /* Item.swift in Sources */,
				CE4AB92821B4D5D900D43809 /* CategoryViewController.swift in Sources */,
				CEE9E45C21B380EB000C5D89 /* TodoListViewController.swift in Sources */,
				CEE9E45A21B380EB000C5D89 /* AppDelegate.swift in Sources */,
				9F9A986021B6350400A089D3 /* Category.swift in Sources */,
			);
			runOnlyForDeploymentPostprocessing = 0;
		};
/* End PBXSourcesBuildPhase section */

/* Begin PBXVariantGroup section */
		CEE9E45D21B380EB000C5D89 /* Main.storyboard */ = {
			isa = PBXVariantGroup;
			children = (
				CEE9E45E21B380EB000C5D89 /* Base */,
			);
			name = Main.storyboard;
			sourceTree = "<group>";
		};
		CEE9E46221B380EC000C5D89 /* LaunchScreen.storyboard */ = {
			isa = PBXVariantGroup;
			children = (
				CEE9E46321B380EC000C5D89 /* Base */,
			);
			name = LaunchScreen.storyboard;
			sourceTree = "<group>";
		};
/* End PBXVariantGroup section */

/* Begin XCBuildConfiguration section */
		CEE9E46621B380EC000C5D89 /* Debug */ = {
			isa = XCBuildConfiguration;
			buildSettings = {
				ALWAYS_SEARCH_USER_PATHS = NO;
				CLANG_ANALYZER_NONNULL = YES;
				CLANG_ANALYZER_NUMBER_OBJECT_CONVERSION = YES_AGGRESSIVE;
				CLANG_CXX_LANGUAGE_STANDARD = "gnu++14";
				CLANG_CXX_LIBRARY = "libc++";
				CLANG_ENABLE_MODULES = YES;
				CLANG_ENABLE_OBJC_ARC = YES;
				CLANG_ENABLE_OBJC_WEAK = YES;
				CLANG_WARN_BLOCK_CAPTURE_AUTORELEASING = YES;
				CLANG_WARN_BOOL_CONVERSION = YES;
				CLANG_WARN_COMMA = YES;
				CLANG_WARN_CONSTANT_CONVERSION = YES;
				CLANG_WARN_DEPRECATED_OBJC_IMPLEMENTATIONS = YES;
				CLANG_WARN_DIRECT_OBJC_ISA_USAGE = YES_ERROR;
				CLANG_WARN_DOCUMENTATION_COMMENTS = YES;
				CLANG_WARN_EMPTY_BODY = YES;
				CLANG_WARN_ENUM_CONVERSION = YES;
				CLANG_WARN_INFINITE_RECURSION = YES;
				CLANG_WARN_INT_CONVERSION = YES;
				CLANG_WARN_NON_LITERAL_NULL_CONVERSION = YES;
				CLANG_WARN_OBJC_IMPLICIT_RETAIN_SELF = YES;
				CLANG_WARN_OBJC_LITERAL_CONVERSION = YES;
				CLANG_WARN_OBJC_ROOT_CLASS = YES_ERROR;
				CLANG_WARN_RANGE_LOOP_ANALYSIS = YES;
				CLANG_WARN_STRICT_PROTOTYPES = YES;
				CLANG_WARN_SUSPICIOUS_MOVE = YES;
				CLANG_WARN_UNGUARDED_AVAILABILITY = YES_AGGRESSIVE;
				CLANG_WARN_UNREACHABLE_CODE = YES;
				CLANG_WARN__DUPLICATE_METHOD_MATCH = YES;
				CODE_SIGN_IDENTITY = "iPhone Developer";
				COPY_PHASE_STRIP = NO;
				DEBUG_INFORMATION_FORMAT = dwarf;
				ENABLE_STRICT_OBJC_MSGSEND = YES;
				ENABLE_TESTABILITY = YES;
				GCC_C_LANGUAGE_STANDARD = gnu11;
				GCC_DYNAMIC_NO_PIC = NO;
				GCC_NO_COMMON_BLOCKS = YES;
				GCC_OPTIMIZATION_LEVEL = 0;
				GCC_PREPROCESSOR_DEFINITIONS = (
					"DEBUG=1",
					"$(inherited)",
				);
				GCC_WARN_64_TO_32_BIT_CONVERSION = YES;
				GCC_WARN_ABOUT_RETURN_TYPE = YES_ERROR;
				GCC_WARN_UNDECLARED_SELECTOR = YES;
				GCC_WARN_UNINITIALIZED_AUTOS = YES_AGGRESSIVE;
				GCC_WARN_UNUSED_FUNCTION = YES;
				GCC_WARN_UNUSED_VARIABLE = YES;
				IPHONEOS_DEPLOYMENT_TARGET = 12.0;
				MTL_ENABLE_DEBUG_INFO = INCLUDE_SOURCE;
				MTL_FAST_MATH = YES;
				ONLY_ACTIVE_ARCH = YES;
				SDKROOT = iphoneos;
				SWIFT_ACTIVE_COMPILATION_CONDITIONS = DEBUG;
				SWIFT_OPTIMIZATION_LEVEL = "-Onone";
			};
			name = Debug;
		};
		CEE9E46721B380EC000C5D89 /* Release */ = {
			isa = XCBuildConfiguration;
			buildSettings = {
				ALWAYS_SEARCH_USER_PATHS = NO;
				CLANG_ANALYZER_NONNULL = YES;
				CLANG_ANALYZER_NUMBER_OBJECT_CONVERSION = YES_AGGRESSIVE;
				CLANG_CXX_LANGUAGE_STANDARD = "gnu++14";
				CLANG_CXX_LIBRARY = "libc++";
				CLANG_ENABLE_MODULES = YES;
				CLANG_ENABLE_OBJC_ARC = YES;
				CLANG_ENABLE_OBJC_WEAK = YES;
				CLANG_WARN_BLOCK_CAPTURE_AUTORELEASING = YES;
				CLANG_WARN_BOOL_CONVERSION = YES;
				CLANG_WARN_COMMA = YES;
				CLANG_WARN_CONSTANT_CONVERSION = YES;
				CLANG_WARN_DEPRECATED_OBJC_IMPLEMENTATIONS = YES;
				CLANG_WARN_DIRECT_OBJC_ISA_USAGE = YES_ERROR;
				CLANG_WARN_DOCUMENTATION_COMMENTS = YES;
				CLANG_WARN_EMPTY_BODY = YES;
				CLANG_WARN_ENUM_CONVERSION = YES;
				CLANG_WARN_INFINITE_RECURSION = YES;
				CLANG_WARN_INT_CONVERSION = YES;
				CLANG_WARN_NON_LITERAL_NULL_CONVERSION = YES;
				CLANG_WARN_OBJC_IMPLICIT_RETAIN_SELF = YES;
				CLANG_WARN_OBJC_LITERAL_CONVERSION = YES;
				CLANG_WARN_OBJC_ROOT_CLASS = YES_ERROR;
				CLANG_WARN_RANGE_LOOP_ANALYSIS = YES;
				CLANG_WARN_STRICT_PROTOTYPES = YES;
				CLANG_WARN_SUSPICIOUS_MOVE = YES;
				CLANG_WARN_UNGUARDED_AVAILABILITY = YES_AGGRESSIVE;
				CLANG_WARN_UNREACHABLE_CODE = YES;
				CLANG_WARN__DUPLICATE_METHOD_MATCH = YES;
				CODE_SIGN_IDENTITY = "iPhone Developer";
				COPY_PHASE_STRIP = NO;
				DEBUG_INFORMATION_FORMAT = "dwarf-with-dsym";
				ENABLE_NS_ASSERTIONS = NO;
				ENABLE_STRICT_OBJC_MSGSEND = YES;
				GCC_C_LANGUAGE_STANDARD = gnu11;
				GCC_NO_COMMON_BLOCKS = YES;
				GCC_WARN_64_TO_32_BIT_CONVERSION = YES;
				GCC_WARN_ABOUT_RETURN_TYPE = YES_ERROR;
				GCC_WARN_UNDECLARED_SELECTOR = YES;
				GCC_WARN_UNINITIALIZED_AUTOS = YES_AGGRESSIVE;
				GCC_WARN_UNUSED_FUNCTION = YES;
				GCC_WARN_UNUSED_VARIABLE = YES;
				IPHONEOS_DEPLOYMENT_TARGET = 12.0;
				MTL_ENABLE_DEBUG_INFO = NO;
				MTL_FAST_MATH = YES;
				SDKROOT = iphoneos;
				SWIFT_COMPILATION_MODE = wholemodule;
				SWIFT_OPTIMIZATION_LEVEL = "-O";
				VALIDATE_PRODUCT = YES;
			};
			name = Release;
		};
		CEE9E46921B380EC000C5D89 /* Debug */ = {
			isa = XCBuildConfiguration;
			baseConfigurationReference = 8DD33D5B2CE74E7C463834A4 /* Pods-todoey.debug.xcconfig */;
			buildSettings = {
				ASSETCATALOG_COMPILER_APPICON_NAME = AppIcon;
				CODE_SIGN_IDENTITY = "iPhone Developer";
				CODE_SIGN_STYLE = Automatic;
				DEVELOPMENT_TEAM = 6JQ58LZ7BM;
				INFOPLIST_FILE = todoey/Info.plist;
				LD_RUNPATH_SEARCH_PATHS = (
					"$(inherited)",
					"@executable_path/Frameworks",
				);
				PRODUCT_BUNDLE_IDENTIFIER = com.novo.jorojas.todoey;
				PRODUCT_NAME = "$(TARGET_NAME)";
				PROVISIONING_PROFILE_SPECIFIER = "";
				SWIFT_VERSION = 4.2;
				TARGETED_DEVICE_FAMILY = "1,2";
			};
			name = Debug;
		};
		CEE9E46A21B380EC000C5D89 /* Release */ = {
			isa = XCBuildConfiguration;
			baseConfigurationReference = 3044518B82925B3AA9745169 /* Pods-todoey.release.xcconfig */;
			buildSettings = {
				ASSETCATALOG_COMPILER_APPICON_NAME = AppIcon;
				CODE_SIGN_IDENTITY = "iPhone Developer";
				CODE_SIGN_STYLE = Automatic;
				DEVELOPMENT_TEAM = 6JQ58LZ7BM;
				INFOPLIST_FILE = todoey/Info.plist;
				LD_RUNPATH_SEARCH_PATHS = (
					"$(inherited)",
					"@executable_path/Frameworks",
				);
				PRODUCT_BUNDLE_IDENTIFIER = com.novo.jorojas.todoey;
				PRODUCT_NAME = "$(TARGET_NAME)";
				PROVISIONING_PROFILE_SPECIFIER = "";
				SWIFT_VERSION = 4.2;
				TARGETED_DEVICE_FAMILY = "1,2";
			};
			name = Release;
		};
/* End XCBuildConfiguration section */

/* Begin XCConfigurationList section */
		CEE9E45121B380EB000C5D89 /* Build configuration list for PBXProject "todoey" */ = {
			isa = XCConfigurationList;
			buildConfigurations = (
				CEE9E46621B380EC000C5D89 /* Debug */,
				CEE9E46721B380EC000C5D89 /* Release */,
			);
			defaultConfigurationIsVisible = 0;
			defaultConfigurationName = Release;
		};
		CEE9E46821B380EC000C5D89 /* Build configuration list for PBXNativeTarget "todoey" */ = {
			isa = XCConfigurationList;
			buildConfigurations = (
				CEE9E46921B380EC000C5D89 /* Debug */,
				CEE9E46A21B380EC000C5D89 /* Release */,
			);
			defaultConfigurationIsVisible = 0;
			defaultConfigurationName = Release;
		};
/* End XCConfigurationList section */
	};
	rootObject = CEE9E44E21B380EB000C5D89 /* Project object */;
}
